
Microsoft Visual Studio Solution File, Format Version 12.00
# Visual Studio Version 17
VisualStudioVersion = 17.5.002.0
MinimumVisualStudioVersion = 10.0.40219.1
Project("{9A19103F-16F7-4668-BE54-9A1E7A4F7556}") = "Net8Identity", "Net8Identity.csproj", "{F2D19E43-03BA-4D3A-B4A6-278484A4A67A}"
EndProject
Global
	GlobalSection(SolutionConfigurationPlatforms) = preSolution
		Debug|Any CPU = Debug|Any CPU
		Release|Any CPU = Release|Any CPU
	EndGlobalSection
	GlobalSection(ProjectConfigurationPlatforms) = postSolution
		{F2D19E43-03BA-4D3A-B4A6-278484A4A67A}.Debug|Any CPU.ActiveCfg = Debug|Any CPU
		{F2D19E43-03BA-4D3A-B4A6-278484A4A67A}.Debug|Any CPU.Build.0 = Debug|Any CPU
		{F2D19E43-03BA-4D3A-B4A6-278484A4A67A}.Release|Any CPU.ActiveCfg = Release|Any CPU
		{F2D19E43-03BA-4D3A-B4A6-278484A4A67A}.Release|Any CPU.Build.0 = Release|Any CPU
	EndGlobalSection
	GlobalSection(SolutionProperties) = preSolution
		HideSolutionNode = FALSE
	EndGlobalSection
	GlobalSection(ExtensibilityGlobals) = postSolution
		SolutionGuid = {9B724289-8497-4959-96B9-F8C352E33408}
	EndGlobalSection
EndGlobal
